
Microsoft Visual Studio Solution File, Format Version 12.00
# Visual Studio 14
VisualStudioVersion = 14.0.24720.0
MinimumVisualStudioVersion = 10.0.40219.1
Project("{FAE04EC0-301F-11D3-BF4B-00C04F79EFBC}") = "Either-Struct", "Either-Struct\Either-Struct.csproj", "{8F368665-641E-45A8-B3E2-4A5125286416}"
EndProject
Project("{FAE04EC0-301F-11D3-BF4B-00C04F79EFBC}") = "Either-For-JsonNet", "Either-For-JsonNet\Either-For-JsonNet.csproj", "{7C08D4DD-54A2-4F5E-82E9-CED093A6797A}"
EndProject
Project("{FAE04EC0-301F-11D3-BF4B-00C04F79EFBC}") = "Either-Tests", "Either-Tests\Either-Tests.csproj", "{96A04278-9D4B-409D-9A1C-815FAA6027A6}"
EndProject
Project("{FAE04EC0-301F-11D3-BF4B-00C04F79EFBC}") = "Either-For-NHibernate", "Either-For-NHibernate\Either-For-NHibernate.csproj", "{13B2C452-7340-4317-AB13-F1DC793DFAC9}"
EndProject
Global
	GlobalSection(SolutionConfigurationPlatforms) = preSolution
		Debug|Any CPU = Debug|Any CPU
		Release|Any CPU = Release|Any CPU
	EndGlobalSection
	GlobalSection(ProjectConfigurationPlatforms) = postSolution
		{8F368665-641E-45A8-B3E2-4A5125286416}.Debug|Any CPU.ActiveCfg = Debug|Any CPU
		{8F368665-641E-45A8-B3E2-4A5125286416}.Debug|Any CPU.Build.0 = Debug|Any CPU
		{8F368665-641E-45A8-B3E2-4A5125286416}.Release|Any CPU.ActiveCfg = Release|Any CPU
		{8F368665-641E-45A8-B3E2-4A5125286416}.Release|Any CPU.Build.0 = Release|Any CPU
		{7C08D4DD-54A2-4F5E-82E9-CED093A6797A}.Debug|Any CPU.ActiveCfg = Debug|Any CPU
		{7C08D4DD-54A2-4F5E-82E9-CED093A6797A}.Debug|Any CPU.Build.0 = Debug|Any CPU
		{7C08D4DD-54A2-4F5E-82E9-CED093A6797A}.Release|Any CPU.ActiveCfg = Release|Any CPU
		{7C08D4DD-54A2-4F5E-82E9-CED093A6797A}.Release|Any CPU.Build.0 = Release|Any CPU
		{96A04278-9D4B-409D-9A1C-815FAA6027A6}.Debug|Any CPU.ActiveCfg = Debug|Any CPU
		{96A04278-9D4B-409D-9A1C-815FAA6027A6}.Debug|Any CPU.Build.0 = Debug|Any CPU
		{96A04278-9D4B-409D-9A1C-815FAA6027A6}.Release|Any CPU.ActiveCfg = Release|Any CPU
		{96A04278-9D4B-409D-9A1C-815FAA6027A6}.Release|Any CPU.Build.0 = Release|Any CPU
		{13B2C452-7340-4317-AB13-F1DC793DFAC9}.Debug|Any CPU.ActiveCfg = Debug|Any CPU
		{13B2C452-7340-4317-AB13-F1DC793DFAC9}.Debug|Any CPU.Build.0 = Debug|Any CPU
		{13B2C452-7340-4317-AB13-F1DC793DFAC9}.Release|Any CPU.ActiveCfg = Release|Any CPU
		{13B2C452-7340-4317-AB13-F1DC793DFAC9}.Release|Any CPU.Build.0 = Release|Any CPU
	EndGlobalSection
	GlobalSection(SolutionProperties) = preSolution
		HideSolutionNode = FALSE
	EndGlobalSection
EndGlobal
